
Microsoft Visual Studio Solution File, Format Version 12.00
Project("{FAE04EC0-301F-11D3-BF4B-00C04F79EFBC}") = "StoreApi", "StoreApi\StoreApi.csproj", "{0CD4475D-A49E-49C5-BD66-E059A6BE9FEC}"
EndProject
Project("{2150E333-8FDC-42A3-9474-1A3956D46DE8}") = "Solution Items", "Solution Items", "{4B82F07F-4348-4FD9-8FAD-E74031203623}"
	ProjectSection(SolutionItems) = preProject
		compose.yaml = compose.yaml
	EndProjectSection
EndProject
Project("{FAE04EC0-301F-11D3-BF4B-00C04F79EFBC}") = "StoreApi.Models", "StoreApi.Models\StoreApi.Models.csproj", "{CFBB9141-6F1E-47A0-864E-2BFC92274AB7}"
EndProject
Global
	GlobalSection(SolutionConfigurationPlatforms) = preSolution
		Debug|Any CPU = Debug|Any CPU
		Release|Any CPU = Release|Any CPU
	EndGlobalSection
	GlobalSection(ProjectConfigurationPlatforms) = postSolution
		{0CD4475D-A49E-49C5-BD66-E059A6BE9FEC}.Debug|Any CPU.ActiveCfg = Debug|Any CPU
		{0CD4475D-A49E-49C5-BD66-E059A6BE9FEC}.Debug|Any CPU.Build.0 = Debug|Any CPU
		{0CD4475D-A49E-49C5-BD66-E059A6BE9FEC}.Release|Any CPU.ActiveCfg = Release|Any CPU
		{0CD4475D-A49E-49C5-BD66-E059A6BE9FEC}.Release|Any CPU.Build.0 = Release|Any CPU
		{CFBB9141-6F1E-47A0-864E-2BFC92274AB7}.Debug|Any CPU.ActiveCfg = Debug|Any CPU
		{CFBB9141-6F1E-47A0-864E-2BFC92274AB7}.Debug|Any CPU.Build.0 = Debug|Any CPU
		{CFBB9141-6F1E-47A0-864E-2BFC92274AB7}.Release|Any CPU.ActiveCfg = Release|Any CPU
		{CFBB9141-6F1E-47A0-864E-2BFC92274AB7}.Release|Any CPU.Build.0 = Release|Any CPU
	EndGlobalSection
EndGlobal
